
Microsoft Visual Studio Solution File, Format Version 12.00
# Visual Studio 15
VisualStudioVersion = 15.0.27428.2011
MinimumVisualStudioVersion = 10.0.40219.1
Project("{9A19103F-16F7-4668-BE54-9A1E7A4F7556}") = "FizzBuzzTree", "FizzBuzzTree\FizzBuzzTree.csproj", "{30E0D630-BD10-43BF-9100-78FB2B665ABE}"
EndProject
Project("{FAE04EC0-301F-11D3-BF4B-00C04F79EFBC}") = "FizzTreeTest", "FizzTreeTest\FizzTreeTest.csproj", "{6BFF2564-A2DB-41D3-9495-40DBB3D41463}"
EndProject
Global
	GlobalSection(SolutionConfigurationPlatforms) = preSolution
		Debug|Any CPU = Debug|Any CPU
		Release|Any CPU = Release|Any CPU
	EndGlobalSection
	GlobalSection(ProjectConfigurationPlatforms) = postSolution
		{30E0D630-BD10-43BF-9100-78FB2B665ABE}.Debug|Any CPU.ActiveCfg = Debug|Any CPU
		{30E0D630-BD10-43BF-9100-78FB2B665ABE}.Debug|Any CPU.Build.0 = Debug|Any CPU
		{30E0D630-BD10-43BF-9100-78FB2B665ABE}.Release|Any CPU.ActiveCfg = Release|Any CPU
		{30E0D630-BD10-43BF-9100-78FB2B665ABE}.Release|Any CPU.Build.0 = Release|Any CPU
		{6BFF2564-A2DB-41D3-9495-40DBB3D41463}.Debug|Any CPU.ActiveCfg = Debug|Any CPU
		{6BFF2564-A2DB-41D3-9495-40DBB3D41463}.Debug|Any CPU.Build.0 = Debug|Any CPU
		{6BFF2564-A2DB-41D3-9495-40DBB3D41463}.Release|Any CPU.ActiveCfg = Release|Any CPU
		{6BFF2564-A2DB-41D3-9495-40DBB3D41463}.Release|Any CPU.Build.0 = Release|Any CPU
	EndGlobalSection
	GlobalSection(SolutionProperties) = preSolution
		HideSolutionNode = FALSE
	EndGlobalSection
	GlobalSection(ExtensibilityGlobals) = postSolution
		SolutionGuid = {E84365AF-EC2F-4D00-8BF0-BBB2FB3AE78E}
	EndGlobalSection
EndGlobal
