
Microsoft Visual Studio Solution File, Format Version 12.00
# Visual Studio 15
VisualStudioVersion = 15.0.27428.2011
MinimumVisualStudioVersion = 10.0.40219.1
Project("{9A19103F-16F7-4668-BE54-9A1E7A4F7556}") = "TreeIntersection", "TreeIntersection\TreeIntersection.csproj", "{203561E5-B4B4-4CB3-934F-B14E7347768B}"
EndProject
Project("{FAE04EC0-301F-11D3-BF4B-00C04F79EFBC}") = "TreeINtersectionTest", "TreeINtersectionTest\TreeINtersectionTest.csproj", "{6A0EC471-4386-4C50-872D-9DC0803BFB5D}"
EndProject
Global
	GlobalSection(SolutionConfigurationPlatforms) = preSolution
		Debug|Any CPU = Debug|Any CPU
		Release|Any CPU = Release|Any CPU
	EndGlobalSection
	GlobalSection(ProjectConfigurationPlatforms) = postSolution
		{203561E5-B4B4-4CB3-934F-B14E7347768B}.Debug|Any CPU.ActiveCfg = Debug|Any CPU
		{203561E5-B4B4-4CB3-934F-B14E7347768B}.Debug|Any CPU.Build.0 = Debug|Any CPU
		{203561E5-B4B4-4CB3-934F-B14E7347768B}.Release|Any CPU.ActiveCfg = Release|Any CPU
		{203561E5-B4B4-4CB3-934F-B14E7347768B}.Release|Any CPU.Build.0 = Release|Any CPU
		{6A0EC471-4386-4C50-872D-9DC0803BFB5D}.Debug|Any CPU.ActiveCfg = Debug|Any CPU
		{6A0EC471-4386-4C50-872D-9DC0803BFB5D}.Debug|Any CPU.Build.0 = Debug|Any CPU
		{6A0EC471-4386-4C50-872D-9DC0803BFB5D}.Release|Any CPU.ActiveCfg = Release|Any CPU
		{6A0EC471-4386-4C50-872D-9DC0803BFB5D}.Release|Any CPU.Build.0 = Release|Any CPU
	EndGlobalSection
	GlobalSection(SolutionProperties) = preSolution
		HideSolutionNode = FALSE
	EndGlobalSection
	GlobalSection(ExtensibilityGlobals) = postSolution
		SolutionGuid = {6AF412D4-80DB-437D-8476-AA61AB742A5D}
	EndGlobalSection
EndGlobal
