
Microsoft Visual Studio Solution File, Format Version 12.00
# Visual Studio 15
VisualStudioVersion = 15.0.27428.2011
MinimumVisualStudioVersion = 10.0.40219.1
Project("{FAE04EC0-301F-11D3-BF4B-00C04F79EFBC}") = "Linked_List", "Linked_List\Linked_List.csproj", "{A3F7B88A-ED32-4213-B0C0-5621DC0F5AFF}"
EndProject
Project("{FAE04EC0-301F-11D3-BF4B-00C04F79EFBC}") = "LinkedListPage", "LinkedListPage\LinkedListPage.csproj", "{38E391FE-37AD-49C8-B71C-1E323EBA8247}"
EndProject
Global
	GlobalSection(SolutionConfigurationPlatforms) = preSolution
		Debug|Any CPU = Debug|Any CPU
		Release|Any CPU = Release|Any CPU
	EndGlobalSection
	GlobalSection(ProjectConfigurationPlatforms) = postSolution
		{A3F7B88A-ED32-4213-B0C0-5621DC0F5AFF}.Debug|Any CPU.ActiveCfg = Debug|Any CPU
		{A3F7B88A-ED32-4213-B0C0-5621DC0F5AFF}.Debug|Any CPU.Build.0 = Debug|Any CPU
		{A3F7B88A-ED32-4213-B0C0-5621DC0F5AFF}.Release|Any CPU.ActiveCfg = Release|Any CPU
		{A3F7B88A-ED32-4213-B0C0-5621DC0F5AFF}.Release|Any CPU.Build.0 = Release|Any CPU
		{38E391FE-37AD-49C8-B71C-1E323EBA8247}.Debug|Any CPU.ActiveCfg = Debug|Any CPU
		{38E391FE-37AD-49C8-B71C-1E323EBA8247}.Debug|Any CPU.Build.0 = Debug|Any CPU
		{38E391FE-37AD-49C8-B71C-1E323EBA8247}.Release|Any CPU.ActiveCfg = Release|Any CPU
		{38E391FE-37AD-49C8-B71C-1E323EBA8247}.Release|Any CPU.Build.0 = Release|Any CPU
	EndGlobalSection
	GlobalSection(SolutionProperties) = preSolution
		HideSolutionNode = FALSE
	EndGlobalSection
	GlobalSection(ExtensibilityGlobals) = postSolution
		SolutionGuid = {08B095FA-D7A0-4B58-920F-F733C8E150E8}
	EndGlobalSection
EndGlobal
