
Microsoft Visual Studio Solution File, Format Version 12.00
# Visual Studio 15
VisualStudioVersion = 15.0.27428.2011
MinimumVisualStudioVersion = 10.0.40219.1
Project("{9A19103F-16F7-4668-BE54-9A1E7A4F7556}") = "BinaryTree", "BinaryTree\BinaryTree.csproj", "{440C8772-FF33-4D79-A8E5-6787A6ADBE5D}"
EndProject
Project("{9A19103F-16F7-4668-BE54-9A1E7A4F7556}") = "TreeTest", "TreeTest\TreeTest.csproj", "{FB41FD09-B4A8-4C6C-AA55-5A80369AACBE}"
EndProject
Global
	GlobalSection(SolutionConfigurationPlatforms) = preSolution
		Debug|Any CPU = Debug|Any CPU
		Release|Any CPU = Release|Any CPU
	EndGlobalSection
	GlobalSection(ProjectConfigurationPlatforms) = postSolution
		{440C8772-FF33-4D79-A8E5-6787A6ADBE5D}.Debug|Any CPU.ActiveCfg = Debug|Any CPU
		{440C8772-FF33-4D79-A8E5-6787A6ADBE5D}.Debug|Any CPU.Build.0 = Debug|Any CPU
		{440C8772-FF33-4D79-A8E5-6787A6ADBE5D}.Release|Any CPU.ActiveCfg = Release|Any CPU
		{440C8772-FF33-4D79-A8E5-6787A6ADBE5D}.Release|Any CPU.Build.0 = Release|Any CPU
		{FB41FD09-B4A8-4C6C-AA55-5A80369AACBE}.Debug|Any CPU.ActiveCfg = Debug|Any CPU
		{FB41FD09-B4A8-4C6C-AA55-5A80369AACBE}.Debug|Any CPU.Build.0 = Debug|Any CPU
		{FB41FD09-B4A8-4C6C-AA55-5A80369AACBE}.Release|Any CPU.ActiveCfg = Release|Any CPU
		{FB41FD09-B4A8-4C6C-AA55-5A80369AACBE}.Release|Any CPU.Build.0 = Release|Any CPU
	EndGlobalSection
	GlobalSection(SolutionProperties) = preSolution
		HideSolutionNode = FALSE
	EndGlobalSection
	GlobalSection(ExtensibilityGlobals) = postSolution
		SolutionGuid = {B95F8DE9-FF8C-4A44-AC3A-83E3E3227D85}
	EndGlobalSection
EndGlobal
