
Microsoft Visual Studio Solution File, Format Version 12.00
# Visual Studio 15
VisualStudioVersion = 15.0.27428.2011
MinimumVisualStudioVersion = 10.0.40219.1
Project("{9A19103F-16F7-4668-BE54-9A1E7A4F7556}") = "shift-array", "shift-array\shift-array.csproj", "{9B9E8C2D-1EA8-4DD9-BE42-04939414FC70}"
EndProject
Project("{FAE04EC0-301F-11D3-BF4B-00C04F79EFBC}") = "ShiftArrayTest", "ShiftArrayTest\ShiftArrayTest.csproj", "{D45648C1-81F6-41EF-9F8B-348CE0F2AA6E}"
EndProject
Global
	GlobalSection(SolutionConfigurationPlatforms) = preSolution
		Debug|Any CPU = Debug|Any CPU
		Release|Any CPU = Release|Any CPU
	EndGlobalSection
	GlobalSection(ProjectConfigurationPlatforms) = postSolution
		{9B9E8C2D-1EA8-4DD9-BE42-04939414FC70}.Debug|Any CPU.ActiveCfg = Debug|Any CPU
		{9B9E8C2D-1EA8-4DD9-BE42-04939414FC70}.Debug|Any CPU.Build.0 = Debug|Any CPU
		{9B9E8C2D-1EA8-4DD9-BE42-04939414FC70}.Release|Any CPU.ActiveCfg = Release|Any CPU
		{9B9E8C2D-1EA8-4DD9-BE42-04939414FC70}.Release|Any CPU.Build.0 = Release|Any CPU
		{D45648C1-81F6-41EF-9F8B-348CE0F2AA6E}.Debug|Any CPU.ActiveCfg = Debug|Any CPU
		{D45648C1-81F6-41EF-9F8B-348CE0F2AA6E}.Debug|Any CPU.Build.0 = Debug|Any CPU
		{D45648C1-81F6-41EF-9F8B-348CE0F2AA6E}.Release|Any CPU.ActiveCfg = Release|Any CPU
		{D45648C1-81F6-41EF-9F8B-348CE0F2AA6E}.Release|Any CPU.Build.0 = Release|Any CPU
	EndGlobalSection
	GlobalSection(SolutionProperties) = preSolution
		HideSolutionNode = FALSE
	EndGlobalSection
	GlobalSection(ExtensibilityGlobals) = postSolution
		SolutionGuid = {390EC56B-247C-4228-97D3-0E1A08FAAA5F}
	EndGlobalSection
EndGlobal
