
Microsoft Visual Studio Solution File, Format Version 12.00
# Visual Studio 15
VisualStudioVersion = 15.0.27428.2011
MinimumVisualStudioVersion = 10.0.40219.1
Project("{FAE04EC0-301F-11D3-BF4B-00C04F79EFBC}") = "largest-product-array", "largest-product-array\largest-product-array.csproj", "{47DF6EFD-08D3-4FC3-8929-70E9B76C1027}"
EndProject
Project("{FAE04EC0-301F-11D3-BF4B-00C04F79EFBC}") = "largest-product-array-Test", "largest-product-array-Test\largest-product-array-Test.csproj", "{AA368F0A-4E24-4324-8F84-8EF67F46A1A0}"
EndProject
Global
	GlobalSection(SolutionConfigurationPlatforms) = preSolution
		Debug|Any CPU = Debug|Any CPU
		Release|Any CPU = Release|Any CPU
	EndGlobalSection
	GlobalSection(ProjectConfigurationPlatforms) = postSolution
		{47DF6EFD-08D3-4FC3-8929-70E9B76C1027}.Debug|Any CPU.ActiveCfg = Debug|Any CPU
		{47DF6EFD-08D3-4FC3-8929-70E9B76C1027}.Debug|Any CPU.Build.0 = Debug|Any CPU
		{47DF6EFD-08D3-4FC3-8929-70E9B76C1027}.Release|Any CPU.ActiveCfg = Release|Any CPU
		{47DF6EFD-08D3-4FC3-8929-70E9B76C1027}.Release|Any CPU.Build.0 = Release|Any CPU
		{AA368F0A-4E24-4324-8F84-8EF67F46A1A0}.Debug|Any CPU.ActiveCfg = Debug|Any CPU
		{AA368F0A-4E24-4324-8F84-8EF67F46A1A0}.Debug|Any CPU.Build.0 = Debug|Any CPU
		{AA368F0A-4E24-4324-8F84-8EF67F46A1A0}.Release|Any CPU.ActiveCfg = Release|Any CPU
		{AA368F0A-4E24-4324-8F84-8EF67F46A1A0}.Release|Any CPU.Build.0 = Release|Any CPU
	EndGlobalSection
	GlobalSection(SolutionProperties) = preSolution
		HideSolutionNode = FALSE
	EndGlobalSection
	GlobalSection(ExtensibilityGlobals) = postSolution
		SolutionGuid = {17531F0E-6A54-4C58-A757-08EFD2E386CE}
	EndGlobalSection
EndGlobal
