
Microsoft Visual Studio Solution File, Format Version 12.00
# Visual Studio 15
VisualStudioVersion = 15.0.27428.2011
MinimumVisualStudioVersion = 10.0.40219.1
Project("{9A19103F-16F7-4668-BE54-9A1E7A4F7556}") = "BreadthFirstTraversal", "BreadthFirstTraversal\BreadthFirstTraversal.csproj", "{5D2E48A1-9E4C-4BFE-B7E9-3DE86085DAED}"
EndProject
Project("{FAE04EC0-301F-11D3-BF4B-00C04F79EFBC}") = "Test", "Test\Test.csproj", "{43B2A2D1-8BDA-4F07-A94E-4CA27AB01D8F}"
EndProject
Global
	GlobalSection(SolutionConfigurationPlatforms) = preSolution
		Debug|Any CPU = Debug|Any CPU
		Release|Any CPU = Release|Any CPU
	EndGlobalSection
	GlobalSection(ProjectConfigurationPlatforms) = postSolution
		{5D2E48A1-9E4C-4BFE-B7E9-3DE86085DAED}.Debug|Any CPU.ActiveCfg = Debug|Any CPU
		{5D2E48A1-9E4C-4BFE-B7E9-3DE86085DAED}.Debug|Any CPU.Build.0 = Debug|Any CPU
		{5D2E48A1-9E4C-4BFE-B7E9-3DE86085DAED}.Release|Any CPU.ActiveCfg = Release|Any CPU
		{5D2E48A1-9E4C-4BFE-B7E9-3DE86085DAED}.Release|Any CPU.Build.0 = Release|Any CPU
		{43B2A2D1-8BDA-4F07-A94E-4CA27AB01D8F}.Debug|Any CPU.ActiveCfg = Debug|Any CPU
		{43B2A2D1-8BDA-4F07-A94E-4CA27AB01D8F}.Debug|Any CPU.Build.0 = Debug|Any CPU
		{43B2A2D1-8BDA-4F07-A94E-4CA27AB01D8F}.Release|Any CPU.ActiveCfg = Release|Any CPU
		{43B2A2D1-8BDA-4F07-A94E-4CA27AB01D8F}.Release|Any CPU.Build.0 = Release|Any CPU
	EndGlobalSection
	GlobalSection(SolutionProperties) = preSolution
		HideSolutionNode = FALSE
	EndGlobalSection
	GlobalSection(ExtensibilityGlobals) = postSolution
		SolutionGuid = {1BD9BCB8-2063-4E2B-9784-9C6665F3B1DD}
	EndGlobalSection
EndGlobal
