
Microsoft Visual Studio Solution File, Format Version 12.00
# Visual Studio 15
VisualStudioVersion = 15.0.27428.2011
MinimumVisualStudioVersion = 10.0.40219.1
Project("{FAE04EC0-301F-11D3-BF4B-00C04F79EFBC}") = "PrintLevelOrder", "PrintLevelOrder\PrintLevelOrder.csproj", "{4E181D6F-F53A-4F8F-BC2C-28A00B44C300}"
EndProject
Global
	GlobalSection(SolutionConfigurationPlatforms) = preSolution
		Debug|Any CPU = Debug|Any CPU
		Release|Any CPU = Release|Any CPU
	EndGlobalSection
	GlobalSection(ProjectConfigurationPlatforms) = postSolution
		{4E181D6F-F53A-4F8F-BC2C-28A00B44C300}.Debug|Any CPU.ActiveCfg = Debug|Any CPU
		{4E181D6F-F53A-4F8F-BC2C-28A00B44C300}.Debug|Any CPU.Build.0 = Debug|Any CPU
		{4E181D6F-F53A-4F8F-BC2C-28A00B44C300}.Release|Any CPU.ActiveCfg = Release|Any CPU
		{4E181D6F-F53A-4F8F-BC2C-28A00B44C300}.Release|Any CPU.Build.0 = Release|Any CPU
	EndGlobalSection
	GlobalSection(SolutionProperties) = preSolution
		HideSolutionNode = FALSE
	EndGlobalSection
	GlobalSection(ExtensibilityGlobals) = postSolution
		SolutionGuid = {0EEDF9E8-ED9D-4D26-9546-93F001DF7EF8}
	EndGlobalSection
EndGlobal
