
Microsoft Visual Studio Solution File, Format Version 12.00
# Visual Studio 15
VisualStudioVersion = 15.0.27428.2011
MinimumVisualStudioVersion = 10.0.40219.1
Project("{FAE04EC0-301F-11D3-BF4B-00C04F79EFBC}") = "queue-with-stacks", "queue-with-stacks\queue-with-stacks.csproj", "{B2C6C3E1-7ECA-4366-B7B9-4CE2F30A772C}"
EndProject
Global
	GlobalSection(SolutionConfigurationPlatforms) = preSolution
		Debug|Any CPU = Debug|Any CPU
		Release|Any CPU = Release|Any CPU
	EndGlobalSection
	GlobalSection(ProjectConfigurationPlatforms) = postSolution
		{B2C6C3E1-7ECA-4366-B7B9-4CE2F30A772C}.Debug|Any CPU.ActiveCfg = Debug|Any CPU
		{B2C6C3E1-7ECA-4366-B7B9-4CE2F30A772C}.Debug|Any CPU.Build.0 = Debug|Any CPU
		{B2C6C3E1-7ECA-4366-B7B9-4CE2F30A772C}.Release|Any CPU.ActiveCfg = Release|Any CPU
		{B2C6C3E1-7ECA-4366-B7B9-4CE2F30A772C}.Release|Any CPU.Build.0 = Release|Any CPU
	EndGlobalSection
	GlobalSection(SolutionProperties) = preSolution
		HideSolutionNode = FALSE
	EndGlobalSection
	GlobalSection(ExtensibilityGlobals) = postSolution
		SolutionGuid = {57EC3A5C-8012-4A1B-A733-541F6010CE20}
	EndGlobalSection
EndGlobal
