
Microsoft Visual Studio Solution File, Format Version 12.00
# Visual Studio Version 16
VisualStudioVersion = 16.0.30320.27
MinimumVisualStudioVersion = 10.0.40219.1
Project("{9A19103F-16F7-4668-BE54-9A1E7A4F7556}") = "PriorityQueue", "PriorityQueue\PriorityQueue.csproj", "{689BBEB9-2188-47B6-A0B5-41A0B8C40E20}"
EndProject
Global
	GlobalSection(SolutionConfigurationPlatforms) = preSolution
		Debug|Any CPU = Debug|Any CPU
		Release|Any CPU = Release|Any CPU
	EndGlobalSection
	GlobalSection(ProjectConfigurationPlatforms) = postSolution
		{689BBEB9-2188-47B6-A0B5-41A0B8C40E20}.Debug|Any CPU.ActiveCfg = Debug|Any CPU
		{689BBEB9-2188-47B6-A0B5-41A0B8C40E20}.Debug|Any CPU.Build.0 = Debug|Any CPU
		{689BBEB9-2188-47B6-A0B5-41A0B8C40E20}.Release|Any CPU.ActiveCfg = Release|Any CPU
		{689BBEB9-2188-47B6-A0B5-41A0B8C40E20}.Release|Any CPU.Build.0 = Release|Any CPU
	EndGlobalSection
	GlobalSection(SolutionProperties) = preSolution
		HideSolutionNode = FALSE
	EndGlobalSection
	GlobalSection(ExtensibilityGlobals) = postSolution
		SolutionGuid = {AF4A22B9-D619-4E9C-9F58-3387F0897D8B}
	EndGlobalSection
EndGlobal
