
Microsoft Visual Studio Solution File, Format Version 12.00
# Visual Studio 15
VisualStudioVersion = 15.0.27428.2011
MinimumVisualStudioVersion = 10.0.40219.1
Project("{FAE04EC0-301F-11D3-BF4B-00C04F79EFBC}") = "QuickSortImp", "QuickSortImp\QuickSortImp.csproj", "{FD5F1C03-EB24-41F4-9492-2EDD0CF1A328}"
EndProject
Global
	GlobalSection(SolutionConfigurationPlatforms) = preSolution
		Debug|Any CPU = Debug|Any CPU
		Release|Any CPU = Release|Any CPU
	EndGlobalSection
	GlobalSection(ProjectConfigurationPlatforms) = postSolution
		{FD5F1C03-EB24-41F4-9492-2EDD0CF1A328}.Debug|Any CPU.ActiveCfg = Debug|Any CPU
		{FD5F1C03-EB24-41F4-9492-2EDD0CF1A328}.Debug|Any CPU.Build.0 = Debug|Any CPU
		{FD5F1C03-EB24-41F4-9492-2EDD0CF1A328}.Release|Any CPU.ActiveCfg = Release|Any CPU
		{FD5F1C03-EB24-41F4-9492-2EDD0CF1A328}.Release|Any CPU.Build.0 = Release|Any CPU
	EndGlobalSection
	GlobalSection(SolutionProperties) = preSolution
		HideSolutionNode = FALSE
	EndGlobalSection
	GlobalSection(ExtensibilityGlobals) = postSolution
		SolutionGuid = {E100F30C-1AB8-4F2F-8FD2-6CABF1C2EBCA}
	EndGlobalSection
EndGlobal
